// !$*UTF8*$!
{
	archiveVersion = 1;
	classes = {
	};
	objectVersion = 77;
	objects = {

/* Begin PBXBuildFile section */
		DE9A20CB2D99717B00DC74F4 /* Apollo in Frameworks */ = {isa = PBXBuildFile; productRef = DE9A20CA2D99717B00DC74F4 /* Apollo */; };
		DE9A20CD2D99717B00DC74F4 /* ApolloTestSupport in Frameworks */ = {isa = PBXBuildFile; productRef = DE9A20CC2D99717B00DC74F4 /* ApolloTestSupport */; };
		DE9A20CF2D99717B00DC74F4 /* ApolloWebSocket in Frameworks */ = {isa = PBXBuildFile; productRef = DE9A20CE2D99717B00DC74F4 /* ApolloWebSocket */; };
/* End PBXBuildFile section */

/* Begin PBXContainerItemProxy section */
		DE9A20AD2D9474EA00DC74F4 /* PBXContainerItemProxy */ = {
			isa = PBXContainerItemProxy;
			containerPortal = DE9A20922D9474E700DC74F4 /* Project object */;
			proxyType = 1;
			remoteGlobalIDString = DE9A20992D9474E700DC74F4;
			remoteInfo = "L8 iOS";
		};
		DE9A20B72D9474EA00DC74F4 /* PBXContainerItemProxy */ = {
			isa = PBXContainerItemProxy;
			containerPortal = DE9A20922D9474E700DC74F4 /* Project object */;
			proxyType = 1;
			remoteGlobalIDString = DE9A20992D9474E700DC74F4;
			remoteInfo = "L8 iOS";
		};
/* End PBXContainerItemProxy section */

/* Begin PBXFileReference section */
		DE9A209A2D9474E700DC74F4 /* L8 iOS.app */ = {isa = PBXFileReference; explicitFileType = wrapper.application; includeInIndex = 0; path = "L8 iOS.app"; sourceTree = BUILT_PRODUCTS_DIR; };
		DE9A20AC2D9474EA00DC74F4 /* L8 iOSTests.xctest */ = {isa = PBXFileReference; explicitFileType = wrapper.cfbundle; includeInIndex = 0; path = "L8 iOSTests.xctest"; sourceTree = BUILT_PRODUCTS_DIR; };
		DE9A20B62D9474EA00DC74F4 /* L8 iOSUITests.xctest */ = {isa = PBXFileReference; explicitFileType = wrapper.cfbundle; includeInIndex = 0; path = "L8 iOSUITests.xctest"; sourceTree = BUILT_PRODUCTS_DIR; };
		DE9A20E22D997CB200DC74F4 /* schema.graphqls */ = {isa = PBXFileReference; lastKnownFileType = text; path = schema.graphqls; sourceTree = "<group>"; };
		DE9A20E42D997CCC00DC74F4 /* PlaylistHelper.graphql */ = {isa = PBXFileReference; lastKnownFileType = text; path = PlaylistHelper.graphql; sourceTree = "<group>"; };
/* End PBXFileReference section */

/* Begin PBXFileSystemSynchronizedRootGroup section */
		DE9A209C2D9474E700DC74F4 /* L8 iOS */ = {
			isa = PBXFileSystemSynchronizedRootGroup;
			path = "L8 iOS";
			sourceTree = "<group>";
		};
		DE9A20AF2D9474EA00DC74F4 /* L8 iOSTests */ = {
			isa = PBXFileSystemSynchronizedRootGroup;
			path = "L8 iOSTests";
			sourceTree = "<group>";
		};
		DE9A20B92D9474EA00DC74F4 /* L8 iOSUITests */ = {
			isa = PBXFileSystemSynchronizedRootGroup;
			path = "L8 iOSUITests";
			sourceTree = "<group>";
		};
/* End PBXFileSystemSynchronizedRootGroup section */

/* Begin PBXFrameworksBuildPhase section */
		DE9A20972D9474E700DC74F4 /* Frameworks */ = {
			isa = PBXFrameworksBuildPhase;
			buildActionMask = 2147483647;
			files = (
				DE9A20CB2D99717B00DC74F4 /* Apollo in Frameworks */,
				DE9A20CF2D99717B00DC74F4 /* ApolloWebSocket in Frameworks */,
				DE9A20CD2D99717B00DC74F4 /* ApolloTestSupport in Frameworks */,
			);
			runOnlyForDeploymentPostprocessing = 0;
		};
		DE9A20A92D9474EA00DC74F4 /* Frameworks */ = {
			isa = PBXFrameworksBuildPhase;
			buildActionMask = 2147483647;
			files = (
			);
			runOnlyForDeploymentPostprocessing = 0;
		};
		DE9A20B32D9474EA00DC74F4 /* Frameworks */ = {
			isa = PBXFrameworksBuildPhase;
			buildActionMask = 2147483647;
			files = (
			);
			runOnlyForDeploymentPostprocessing = 0;
		};
/* End PBXFrameworksBuildPhase section */

/* Begin PBXGroup section */
		DE9A20912D9474E700DC74F4 = {
			isa = PBXGroup;
			children = (
				DE9A20E32D997CB200DC74F4 /* graphql */,
				DE9A209C2D9474E700DC74F4 /* L8 iOS */,
				DE9A20AF2D9474EA00DC74F4 /* L8 iOSTests */,
				DE9A20B92D9474EA00DC74F4 /* L8 iOSUITests */,
				DE9A209B2D9474E700DC74F4 /* Products */,
			);
			sourceTree = "<group>";
		};
		DE9A209B2D9474E700DC74F4 /* Products */ = {
			isa = PBXGroup;
			children = (
				DE9A209A2D9474E700DC74F4 /* L8 iOS.app */,
				DE9A20AC2D9474EA00DC74F4 /* L8 iOSTests.xctest */,
				DE9A20B62D9474EA00DC74F4 /* L8 iOSUITests.xctest */,
			);
			name = Products;
			sourceTree = "<group>";
		};
		DE9A20E32D997CB200DC74F4 /* graphql */ = {
			isa = PBXGroup;
			children = (
				DE9A20E42D997CCC00DC74F4 /* PlaylistHelper.graphql */,
				DE9A20E22D997CB200DC74F4 /* schema.graphqls */,
			);
			path = graphql;
			sourceTree = "<group>";
		};
/* End PBXGroup section */

/* Begin PBXNativeTarget section */
		DE9A20992D9474E700DC74F4 /* L8 iOS */ = {
			isa = PBXNativeTarget;
			buildConfigurationList = DE9A20C02D9474EA00DC74F4 /* Build configuration list for PBXNativeTarget "L8 iOS" */;
			buildPhases = (
				DE9A20962D9474E700DC74F4 /* Sources */,
				DE9A20972D9474E700DC74F4 /* Frameworks */,
				DE9A20982D9474E700DC74F4 /* Resources */,
			);
			buildRules = (
			);
			dependencies = (
			);
			fileSystemSynchronizedGroups = (
				DE9A209C2D9474E700DC74F4 /* L8 iOS */,
			);
			name = "L8 iOS";
			packageProductDependencies = (
				DE9A20CA2D99717B00DC74F4 /* Apollo */,
				DE9A20CC2D99717B00DC74F4 /* ApolloTestSupport */,
				DE9A20CE2D99717B00DC74F4 /* ApolloWebSocket */,
			);
			productName = "L8 iOS";
			productReference = DE9A209A2D9474E700DC74F4 /* L8 iOS.app */;
			productType = "com.apple.product-type.application";
		};
		DE9A20AB2D9474EA00DC74F4 /* L8 iOSTests */ = {
			isa = PBXNativeTarget;
			buildConfigurationList = DE9A20C32D9474EA00DC74F4 /* Build configuration list for PBXNativeTarget "L8 iOSTests" */;
			buildPhases = (
				DE9A20A82D9474EA00DC74F4 /* Sources */,
				DE9A20A92D9474EA00DC74F4 /* Frameworks */,
				DE9A20AA2D9474EA00DC74F4 /* Resources */,
			);
			buildRules = (
			);
			dependencies = (
				DE9A20AE2D9474EA00DC74F4 /* PBXTargetDependency */,
			);
			fileSystemSynchronizedGroups = (
				DE9A20AF2D9474EA00DC74F4 /* L8 iOSTests */,
			);
			name = "L8 iOSTests";
			packageProductDependencies = (
			);
			productName = "L8 iOSTests";
			productReference = DE9A20AC2D9474EA00DC74F4 /* L8 iOSTests.xctest */;
			productType = "com.apple.product-type.bundle.unit-test";
		};
		DE9A20B52D9474EA00DC74F4 /* L8 iOSUITests */ = {
			isa = PBXNativeTarget;
			buildConfigurationList = DE9A20C62D9474EA00DC74F4 /* Build configuration list for PBXNativeTarget "L8 iOSUITests" */;
			buildPhases = (
				DE9A20B22D9474EA00DC74F4 /* Sources */,
				DE9A20B32D9474EA00DC74F4 /* Frameworks */,
				DE9A20B42D9474EA00DC74F4 /* Resources */,
			);
			buildRules = (
			);
			dependencies = (
				DE9A20B82D9474EA00DC74F4 /* PBXTargetDependency */,
			);
			fileSystemSynchronizedGroups = (
				DE9A20B92D9474EA00DC74F4 /* L8 iOSUITests */,
			);
			name = "L8 iOSUITests";
			packageProductDependencies = (
			);
			productName = "L8 iOSUITests";
			productReference = DE9A20B62D9474EA00DC74F4 /* L8 iOSUITests.xctest */;
			productType = "com.apple.product-type.bundle.ui-testing";
		};
/* End PBXNativeTarget section */

/* Begin PBXProject section */
		DE9A20922D9474E700DC74F4 /* Project object */ = {
			isa = PBXProject;
			attributes = {
				BuildIndependentTargetsInParallel = 1;
				LastSwiftUpdateCheck = 1620;
				LastUpgradeCheck = 1620;
				TargetAttributes = {
					DE9A20992D9474E700DC74F4 = {
						CreatedOnToolsVersion = 16.2;
					};
					DE9A20AB2D9474EA00DC74F4 = {
						CreatedOnToolsVersion = 16.2;
						TestTargetID = DE9A20992D9474E700DC74F4;
					};
					DE9A20B52D9474EA00DC74F4 = {
						CreatedOnToolsVersion = 16.2;
						TestTargetID = DE9A20992D9474E700DC74F4;
					};
				};
			};
			buildConfigurationList = DE9A20952D9474E700DC74F4 /* Build configuration list for PBXProject "L8 iOS" */;
			developmentRegion = en;
			hasScannedForEncodings = 0;
			knownRegions = (
				en,
				Base,
			);
			mainGroup = DE9A20912D9474E700DC74F4;
			minimizedProjectReferenceProxies = 1;
			packageReferences = (
				DE9A20C92D99717B00DC74F4 /* XCRemoteSwiftPackageReference "apollo-ios" */,
			);
			preferredProjectObjectVersion = 77;
			productRefGroup = DE9A209B2D9474E700DC74F4 /* Products */;
			projectDirPath = "";
			projectRoot = "";
			targets = (
				DE9A20992D9474E700DC74F4 /* L8 iOS */,
				DE9A20AB2D9474EA00DC74F4 /* L8 iOSTests */,
				DE9A20B52D9474EA00DC74F4 /* L8 iOSUITests */,
			);
		};
/* End PBXProject section */

/* Begin PBXResourcesBuildPhase section */
		DE9A20982D9474E700DC74F4 /* Resources */ = {
			isa = PBXResourcesBuildPhase;
			buildActionMask = 2147483647;
			files = (
			);
			runOnlyForDeploymentPostprocessing = 0;
		};
		DE9A20AA2D9474EA00DC74F4 /* Resources */ = {
			isa = PBXResourcesBuildPhase;
			buildActionMask = 2147483647;
			files = (
			);
			runOnlyForDeploymentPostprocessing = 0;
		};
		DE9A20B42D9474EA00DC74F4 /* Resources */ = {
			isa = PBXResourcesBuildPhase;
			buildActionMask = 2147483647;
			files = (
			);
			runOnlyForDeploymentPostprocessing = 0;
		};
/* End PBXResourcesBuildPhase section */

/* Begin PBXSourcesBuildPhase section */
		DE9A20962D9474E700DC74F4 /* Sources */ = {
			isa = PBXSourcesBuildPhase;
			buildActionMask = 2147483647;
			files = (
			);
			runOnlyForDeploymentPostprocessing = 0;
		};
		DE9A20A82D9474EA00DC74F4 /* Sources */ = {
			isa = PBXSourcesBuildPhase;
			buildActionMask = 2147483647;
			files = (
			);
			runOnlyForDeploymentPostprocessing = 0;
		};
		DE9A20B22D9474EA00DC74F4 /* Sources */ = {
			isa = PBXSourcesBuildPhase;
			buildActionMask = 2147483647;
			files = (
			);
			runOnlyForDeploymentPostprocessing = 0;
		};
/* End PBXSourcesBuildPhase section */

/* Begin PBXTargetDependency section */
		DE9A20AE2D9474EA00DC74F4 /* PBXTargetDependency */ = {
			isa = PBXTargetDependency;
			target = DE9A20992D9474E700DC74F4 /* L8 iOS */;
			targetProxy = DE9A20AD2D9474EA00DC74F4 /* PBXContainerItemProxy */;
		};
		DE9A20B82D9474EA00DC74F4 /* PBXTargetDependency */ = {
			isa = PBXTargetDependency;
			target = DE9A20992D9474E700DC74F4 /* L8 iOS */;
			targetProxy = DE9A20B72D9474EA00DC74F4 /* PBXContainerItemProxy */;
		};
/* End PBXTargetDependency section */

/* Begin XCBuildConfiguration section */
		DE9A20BE2D9474EA00DC74F4 /* Debug */ = {
			isa = XCBuildConfiguration;
			buildSettings = {
				ALWAYS_SEARCH_USER_PATHS = NO;
				ASSETCATALOG_COMPILER_GENERATE_SWIFT_ASSET_SYMBOL_EXTENSIONS = YES;
				CLANG_ANALYZER_NONNULL = YES;
				CLANG_ANALYZER_NUMBER_OBJECT_CONVERSION = YES_AGGRESSIVE;
				CLANG_CXX_LANGUAGE_STANDARD = "gnu++20";
				CLANG_ENABLE_MODULES = YES;
				CLANG_ENABLE_OBJC_ARC = YES;
				CLANG_ENABLE_OBJC_WEAK = YES;
				CLANG_WARN_BLOCK_CAPTURE_AUTORELEASING = YES;
				CLANG_WARN_BOOL_CONVERSION = YES;
				CLANG_WARN_COMMA = YES;
				CLANG_WARN_CONSTANT_CONVERSION = YES;
				CLANG_WARN_DEPRECATED_OBJC_IMPLEMENTATIONS = YES;
				CLANG_WARN_DIRECT_OBJC_ISA_USAGE = YES_ERROR;
				CLANG_WARN_DOCUMENTATION_COMMENTS = YES;
				CLANG_WARN_EMPTY_BODY = YES;
				CLANG_WARN_ENUM_CONVERSION = YES;
				CLANG_WARN_INFINITE_RECURSION = YES;
				CLANG_WARN_INT_CONVERSION = YES;
				CLANG_WARN_NON_LITERAL_NULL_CONVERSION = YES;
				CLANG_WARN_OBJC_IMPLICIT_RETAIN_SELF = YES;
				CLANG_WARN_OBJC_LITERAL_CONVERSION = YES;
				CLANG_WARN_OBJC_ROOT_CLASS = YES_ERROR;
				CLANG_WARN_QUOTED_INCLUDE_IN_FRAMEWORK_HEADER = YES;
				CLANG_WARN_RANGE_LOOP_ANALYSIS = YES;
				CLANG_WARN_STRICT_PROTOTYPES = YES;
				CLANG_WARN_SUSPICIOUS_MOVE = YES;
				CLANG_WARN_UNGUARDED_AVAILABILITY = YES_AGGRESSIVE;
				CLANG_WARN_UNREACHABLE_CODE = YES;
				CLANG_WARN__DUPLICATE_METHOD_MATCH = YES;
				COPY_PHASE_STRIP = NO;
				DEBUG_INFORMATION_FORMAT = dwarf;
				ENABLE_STRICT_OBJC_MSGSEND = YES;
				ENABLE_TESTABILITY = YES;
				ENABLE_USER_SCRIPT_SANDBOXING = YES;
				GCC_C_LANGUAGE_STANDARD = gnu17;
				GCC_DYNAMIC_NO_PIC = NO;
				GCC_NO_COMMON_BLOCKS = YES;
				GCC_OPTIMIZATION_LEVEL = 0;
				GCC_PREPROCESSOR_DEFINITIONS = (
					"DEBUG=1",
					"$(inherited)",
				);
				GCC_WARN_64_TO_32_BIT_CONVERSION = YES;
				GCC_WARN_ABOUT_RETURN_TYPE = YES_ERROR;
				GCC_WARN_UNDECLARED_SELECTOR = YES;
				GCC_WARN_UNINITIALIZED_AUTOS = YES_AGGRESSIVE;
				GCC_WARN_UNUSED_FUNCTION = YES;
				GCC_WARN_UNUSED_VARIABLE = YES;
				IPHONEOS_DEPLOYMENT_TARGET = 18.2;
				LOCALIZATION_PREFERS_STRING_CATALOGS = YES;
				MTL_ENABLE_DEBUG_INFO = INCLUDE_SOURCE;
				MTL_FAST_MATH = YES;
				ONLY_ACTIVE_ARCH = YES;
				SDKROOT = iphoneos;
				SWIFT_ACTIVE_COMPILATION_CONDITIONS = "DEBUG $(inherited)";
				SWIFT_OPTIMIZATION_LEVEL = "-Onone";
			};
			name = Debug;
		};
		DE9A20BF2D9474EA00DC74F4 /* Release */ = {
			isa = XCBuildConfiguration;
			buildSettings = {
				ALWAYS_SEARCH_USER_PATHS = NO;
				ASSETCATALOG_COMPILER_GENERATE_SWIFT_ASSET_SYMBOL_EXTENSIONS = YES;
				CLANG_ANALYZER_NONNULL = YES;
				CLANG_ANALYZER_NUMBER_OBJECT_CONVERSION = YES_AGGRESSIVE;
				CLANG_CXX_LANGUAGE_STANDARD = "gnu++20";
				CLANG_ENABLE_MODULES = YES;
				CLANG_ENABLE_OBJC_ARC = YES;
				CLANG_ENABLE_OBJC_WEAK = YES;
				CLANG_WARN_BLOCK_CAPTURE_AUTORELEASING = YES;
				CLANG_WARN_BOOL_CONVERSION = YES;
				CLANG_WARN_COMMA = YES;
				CLANG_WARN_CONSTANT_CONVERSION = YES;
				CLANG_WARN_DEPRECATED_OBJC_IMPLEMENTATIONS = YES;
				CLANG_WARN_DIRECT_OBJC_ISA_USAGE = YES_ERROR;
				CLANG_WARN_DOCUMENTATION_COMMENTS = YES;
				CLANG_WARN_EMPTY_BODY = YES;
				CLANG_WARN_ENUM_CONVERSION = YES;
				CLANG_WARN_INFINITE_RECURSION = YES;
				CLANG_WARN_INT_CONVERSION = YES;
				CLANG_WARN_NON_LITERAL_NULL_CONVERSION = YES;
				CLANG_WARN_OBJC_IMPLICIT_RETAIN_SELF = YES;
				CLANG_WARN_OBJC_LITERAL_CONVERSION = YES;
				CLANG_WARN_OBJC_ROOT_CLASS = YES_ERROR;
				CLANG_WARN_QUOTED_INCLUDE_IN_FRAMEWORK_HEADER = YES;
				CLANG_WARN_RANGE_LOOP_ANALYSIS = YES;
				CLANG_WARN_STRICT_PROTOTYPES = YES;
				CLANG_WARN_SUSPICIOUS_MOVE = YES;
				CLANG_WARN_UNGUARDED_AVAILABILITY = YES_AGGRESSIVE;
				CLANG_WARN_UNREACHABLE_CODE = YES;
				CLANG_WARN__DUPLICATE_METHOD_MATCH = YES;
				COPY_PHASE_STRIP = NO;
				DEBUG_INFORMATION_FORMAT = "dwarf-with-dsym";
				ENABLE_NS_ASSERTIONS = NO;
				ENABLE_STRICT_OBJC_MSGSEND = YES;
				ENABLE_USER_SCRIPT_SANDBOXING = YES;
				GCC_C_LANGUAGE_STANDARD = gnu17;
				GCC_NO_COMMON_BLOCKS = YES;
				GCC_WARN_64_TO_32_BIT_CONVERSION = YES;
				GCC_WARN_ABOUT_RETURN_TYPE = YES_ERROR;
				GCC_WARN_UNDECLARED_SELECTOR = YES;
				GCC_WARN_UNINITIALIZED_AUTOS = YES_AGGRESSIVE;
				GCC_WARN_UNUSED_FUNCTION = YES;
				GCC_WARN_UNUSED_VARIABLE = YES;
				IPHONEOS_DEPLOYMENT_TARGET = 18.2;
				LOCALIZATION_PREFERS_STRING_CATALOGS = YES;
				MTL_ENABLE_DEBUG_INFO = NO;
				MTL_FAST_MATH = YES;
				SDKROOT = iphoneos;
				SWIFT_COMPILATION_MODE = wholemodule;
				VALIDATE_PRODUCT = YES;
			};
			name = Release;
		};
		DE9A20C12D9474EA00DC74F4 /* Debug */ = {
			isa = XCBuildConfiguration;
			buildSettings = {
				ASSETCATALOG_COMPILER_APPICON_NAME = AppIcon;
				ASSETCATALOG_COMPILER_GLOBAL_ACCENT_COLOR_NAME = AccentColor;
				CODE_SIGN_STYLE = Automatic;
				CURRENT_PROJECT_VERSION = 1;
				DEVELOPMENT_ASSET_PATHS = "\"L8 iOS/Preview Content\"";
				DEVELOPMENT_TEAM = V7ZWZ4A4ZN;
				ENABLE_PREVIEWS = YES;
				GENERATE_INFOPLIST_FILE = YES;
				INFOPLIST_KEY_UIApplicationSceneManifest_Generation = YES;
				INFOPLIST_KEY_UIApplicationSupportsIndirectInputEvents = YES;
				INFOPLIST_KEY_UILaunchScreen_Generation = YES;
				INFOPLIST_KEY_UISupportedInterfaceOrientations_iPad = "UIInterfaceOrientationPortrait UIInterfaceOrientationPortraitUpsideDown UIInterfaceOrientationLandscapeLeft UIInterfaceOrientationLandscapeRight";
				INFOPLIST_KEY_UISupportedInterfaceOrientations_iPhone = "UIInterfaceOrientationPortrait UIInterfaceOrientationLandscapeLeft UIInterfaceOrientationLandscapeRight";
				LD_RUNPATH_SEARCH_PATHS = (
					"$(inherited)",
					"@executable_path/Frameworks",
				);
				MARKETING_VERSION = 1.0;
				PRODUCT_BUNDLE_IDENTIFIER = "com.github.m-beyer2022.L8-iOS";
				PRODUCT_NAME = "$(TARGET_NAME)";
				SWIFT_EMIT_LOC_STRINGS = YES;
				SWIFT_VERSION = 5.0;
				TARGETED_DEVICE_FAMILY = "1,2";
			};
			name = Debug;
		};
		DE9A20C22D9474EA00DC74F4 /* Release */ = {
			isa = XCBuildConfiguration;
			buildSettings = {
				ASSETCATALOG_COMPILER_APPICON_NAME = AppIcon;
				ASSETCATALOG_COMPILER_GLOBAL_ACCENT_COLOR_NAME = AccentColor;
				CODE_SIGN_STYLE = Automatic;
				CURRENT_PROJECT_VERSION = 1;
				DEVELOPMENT_ASSET_PATHS = "\"L8 iOS/Preview Content\"";
				DEVELOPMENT_TEAM = V7ZWZ4A4ZN;
				ENABLE_PREVIEWS = YES;
				GENERATE_INFOPLIST_FILE = YES;
				INFOPLIST_KEY_UIApplicationSceneManifest_Generation = YES;
				INFOPLIST_KEY_UIApplicationSupportsIndirectInputEvents = YES;
				INFOPLIST_KEY_UILaunchScreen_Generation = YES;
				INFOPLIST_KEY_UISupportedInterfaceOrientations_iPad = "UIInterfaceOrientationPortrait UIInterfaceOrientationPortraitUpsideDown UIInterfaceOrientationLandscapeLeft UIInterfaceOrientationLandscapeRight";
				INFOPLIST_KEY_UISupportedInterfaceOrientations_iPhone = "UIInterfaceOrientationPortrait UIInterfaceOrientationLandscapeLeft UIInterfaceOrientationLandscapeRight";
				LD_RUNPATH_SEARCH_PATHS = (
					"$(inherited)",
					"@executable_path/Frameworks",
				);
				MARKETING_VERSION = 1.0;
				PRODUCT_BUNDLE_IDENTIFIER = "com.github.m-beyer2022.L8-iOS";
				PRODUCT_NAME = "$(TARGET_NAME)";
				SWIFT_EMIT_LOC_STRINGS = YES;
				SWIFT_VERSION = 5.0;
				TARGETED_DEVICE_FAMILY = "1,2";
			};
			name = Release;
		};
		DE9A20C42D9474EA00DC74F4 /* Debug */ = {
			isa = XCBuildConfiguration;
			buildSettings = {
				BUNDLE_LOADER = "$(TEST_HOST)";
				CODE_SIGN_STYLE = Automatic;
				CURRENT_PROJECT_VERSION = 1;
				DEVELOPMENT_TEAM = V7ZWZ4A4ZN;
				GENERATE_INFOPLIST_FILE = YES;
				IPHONEOS_DEPLOYMENT_TARGET = 18.2;
				MARKETING_VERSION = 1.0;
				PRODUCT_BUNDLE_IDENTIFIER = "com.github.m-beyer2022.L8-iOSTests";
				PRODUCT_NAME = "$(TARGET_NAME)";
				SWIFT_EMIT_LOC_STRINGS = NO;
				SWIFT_VERSION = 5.0;
				TARGETED_DEVICE_FAMILY = "1,2";
				TEST_HOST = "$(BUILT_PRODUCTS_DIR)/L8 iOS.app/$(BUNDLE_EXECUTABLE_FOLDER_PATH)/L8 iOS";
			};
			name = Debug;
		};
		DE9A20C52D9474EA00DC74F4 /* Release */ = {
			isa = XCBuildConfiguration;
			buildSettings = {
				BUNDLE_LOADER = "$(TEST_HOST)";
				CODE_SIGN_STYLE = Automatic;
				CURRENT_PROJECT_VERSION = 1;
				DEVELOPMENT_TEAM = V7ZWZ4A4ZN;
				GENERATE_INFOPLIST_FILE = YES;
				IPHONEOS_DEPLOYMENT_TARGET = 18.2;
				MARKETING_VERSION = 1.0;
				PRODUCT_BUNDLE_IDENTIFIER = "com.github.m-beyer2022.L8-iOSTests";
				PRODUCT_NAME = "$(TARGET_NAME)";
				SWIFT_EMIT_LOC_STRINGS = NO;
				SWIFT_VERSION = 5.0;
				TARGETED_DEVICE_FAMILY = "1,2";
				TEST_HOST = "$(BUILT_PRODUCTS_DIR)/L8 iOS.app/$(BUNDLE_EXECUTABLE_FOLDER_PATH)/L8 iOS";
			};
			name = Release;
		};
		DE9A20C72D9474EA00DC74F4 /* Debug */ = {
			isa = XCBuildConfiguration;
			buildSettings = {
				CODE_SIGN_STYLE = Automatic;
				CURRENT_PROJECT_VERSION = 1;
				DEVELOPMENT_TEAM = V7ZWZ4A4ZN;
				GENERATE_INFOPLIST_FILE = YES;
				MARKETING_VERSION = 1.0;
				PRODUCT_BUNDLE_IDENTIFIER = "com.github.m-beyer2022.L8-iOSUITests";
				PRODUCT_NAME = "$(TARGET_NAME)";
				SWIFT_EMIT_LOC_STRINGS = NO;
				SWIFT_VERSION = 5.0;
				TARGETED_DEVICE_FAMILY = "1,2";
				TEST_TARGET_NAME = "L8 iOS";
			};
			name = Debug;
		};
		DE9A20C82D9474EA00DC74F4 /* Release */ = {
			isa = XCBuildConfiguration;
			buildSettings = {
				CODE_SIGN_STYLE = Automatic;
				CURRENT_PROJECT_VERSION = 1;
				DEVELOPMENT_TEAM = V7ZWZ4A4ZN;
				GENERATE_INFOPLIST_FILE = YES;
				MARKETING_VERSION = 1.0;
				PRODUCT_BUNDLE_IDENTIFIER = "com.github.m-beyer2022.L8-iOSUITests";
				PRODUCT_NAME = "$(TARGET_NAME)";
				SWIFT_EMIT_LOC_STRINGS = NO;
				SWIFT_VERSION = 5.0;
				TARGETED_DEVICE_FAMILY = "1,2";
				TEST_TARGET_NAME = "L8 iOS";
			};
			name = Release;
		};
/* End XCBuildConfiguration section */

/* Begin XCConfigurationList section */
		DE9A20952D9474E700DC74F4 /* Build configuration list for PBXProject "L8 iOS" */ = {
			isa = XCConfigurationList;
			buildConfigurations = (
				DE9A20BE2D9474EA00DC74F4 /* Debug */,
				DE9A20BF2D9474EA00DC74F4 /* Release */,
			);
			defaultConfigurationIsVisible = 0;
			defaultConfigurationName = Release;
		};
		DE9A20C02D9474EA00DC74F4 /* Build configuration list for PBXNativeTarget "L8 iOS" */ = {
			isa = XCConfigurationList;
			buildConfigurations = (
				DE9A20C12D9474EA00DC74F4 /* Debug */,
				DE9A20C22D9474EA00DC74F4 /* Release */,
			);
			defaultConfigurationIsVisible = 0;
			defaultConfigurationName = Release;
		};
		DE9A20C32D9474EA00DC74F4 /* Build configuration list for PBXNativeTarget "L8 iOSTests" */ = {
			isa = XCConfigurationList;
			buildConfigurations = (
				DE9A20C42D9474EA00DC74F4 /* Debug */,
				DE9A20C52D9474EA00DC74F4 /* Release */,
			);
			defaultConfigurationIsVisible = 0;
			defaultConfigurationName = Release;
		};
		DE9A20C62D9474EA00DC74F4 /* Build configuration list for PBXNativeTarget "L8 iOSUITests" */ = {
			isa = XCConfigurationList;
			buildConfigurations = (
				DE9A20C72D9474EA00DC74F4 /* Debug */,
				DE9A20C82D9474EA00DC74F4 /* Release */,
			);
			defaultConfigurationIsVisible = 0;
			defaultConfigurationName = Release;
		};
/* End XCConfigurationList section */

/* Begin XCRemoteSwiftPackageReference section */
		DE9A20C92D99717B00DC74F4 /* XCRemoteSwiftPackageReference "apollo-ios" */ = {
			isa = XCRemoteSwiftPackageReference;
			repositoryURL = "https://github.com/apollographql/apollo-ios.git";
			requirement = {
				kind = upToNextMajorVersion;
				minimumVersion = 1.19.0;
			};
		};
/* End XCRemoteSwiftPackageReference section */

/* Begin XCSwiftPackageProductDependency section */
		DE9A20CA2D99717B00DC74F4 /* Apollo */ = {
			isa = XCSwiftPackageProductDependency;
			package = DE9A20C92D99717B00DC74F4 /* XCRemoteSwiftPackageReference "apollo-ios" */;
			productName = Apollo;
		};
		DE9A20CC2D99717B00DC74F4 /* ApolloTestSupport */ = {
			isa = XCSwiftPackageProductDependency;
			package = DE9A20C92D99717B00DC74F4 /* XCRemoteSwiftPackageReference "apollo-ios" */;
			productName = ApolloTestSupport;
		};
		DE9A20CE2D99717B00DC74F4 /* ApolloWebSocket */ = {
			isa = XCSwiftPackageProductDependency;
			package = DE9A20C92D99717B00DC74F4 /* XCRemoteSwiftPackageReference "apollo-ios" */;
			productName = ApolloWebSocket;
		};
/* End XCSwiftPackageProductDependency section */
	};
	rootObject = DE9A20922D9474E700DC74F4 /* Project object */;
}
